<?xml version="1.0" encoding="utf-8"?>
<Project ToolsVersion="4.0" xmlns="http://schemas.microsoft.com/developer/msbuild/2003">
  <ItemGroup>
    <Filter Include="Source Files">
      <UniqueIdentifier>{f01a8265-38ba-4324-b6fb-d60d95cc5fd2}</UniqueIdentifier>
      <Extensions>cpp;c;cxx;rc;def;r;odl;hpj;bat;for;f90</Extensions>
    </Filter>
    <Filter Include="Header Files">
      <UniqueIdentifier>{d117a239-d952-49ab-b93c-a5f40ec01ee9}</UniqueIdentifier>
      <Extensions>h;hpp;hxx;hm;inl;fi;fd</Extensions>
    </Filter>
  </ItemGroup>
  <ItemGroup>
    <ClCompile Include="keyhook.cpp">
      <Filter>Source Files</Filter>
    </ClCompile>
    <ClCompile Include="prehdr.cpp">
      <Filter>Source Files</Filter>
    </ClCompile>
    <ClCompile Include="vietkey.cpp">
      <Filter>Source Files</Filter>
    </ClCompile>
  </ItemGroup>
  <ItemGroup>
    <None Include="keyhook.def">
      <Filter>Source Files</Filter>
    </None>
  </ItemGroup>
  <ItemGroup>
    <ClInclude Include="keycons.h">
      <Filter>Header Files</Filter>
    </ClInclude>
    <ClInclude Include="keyhook.h">
      <Filter>Header Files</Filter>
    </ClInclude>
    <ClInclude Include="preHdr.h">
      <Filter>Header Files</Filter>
    </ClInclude>
    <ClInclude Include="vietkey.h">
      <Filter>Header Files</Filter>
    </ClInclude>
  </ItemGroup>
</Project>